
Microsoft Visual Studio Solution File, Format Version 12.00
# Visual Studio Version 16
VisualStudioVersion = 16.0.29920.165
MinimumVisualStudioVersion = 10.0.40219.1
Project("{FAE04EC0-301F-11D3-BF4B-00C04F79EFBC}") = "Project_01", "Project_01\Project_01.csproj", "{B4E446B5-8E33-49E1-BF9B-244D7FCB506B}"
EndProject
Project("{FAE04EC0-301F-11D3-BF4B-00C04F79EFBC}") = "Common", "Common\Common.csproj", "{FD86D0BB-3CE0-4F92-B05D-97A30DBA4F70}"
EndProject
Project("{9A19103F-16F7-4668-BE54-9A1E7A4F7556}") = "CoreProject_01", "CoreProject_01\CoreProject_01.csproj", "{166C29E8-F03D-4BB1-9525-48532346664D}"
EndProject
Project("{FAE04EC0-301F-11D3-BF4B-00C04F79EFBC}") = "ASPNetCore", "ASPNetCore\ASPNetCore.csproj", "{7EB3C11F-6859-4212-96A4-04A7FDF53BFF}"
EndProject
Global
	GlobalSection(SolutionConfigurationPlatforms) = preSolution
		Debug|Any CPU = Debug|Any CPU
		Release|Any CPU = Release|Any CPU
	EndGlobalSection
	GlobalSection(ProjectConfigurationPlatforms) = postSolution
		{B4E446B5-8E33-49E1-BF9B-244D7FCB506B}.Debug|Any CPU.ActiveCfg = Debug|Any CPU
		{B4E446B5-8E33-49E1-BF9B-244D7FCB506B}.Debug|Any CPU.Build.0 = Debug|Any CPU
		{B4E446B5-8E33-49E1-BF9B-244D7FCB506B}.Release|Any CPU.ActiveCfg = Release|Any CPU
		{B4E446B5-8E33-49E1-BF9B-244D7FCB506B}.Release|Any CPU.Build.0 = Release|Any CPU
		{FD86D0BB-3CE0-4F92-B05D-97A30DBA4F70}.Debug|Any CPU.ActiveCfg = Debug|Any CPU
		{FD86D0BB-3CE0-4F92-B05D-97A30DBA4F70}.Debug|Any CPU.Build.0 = Debug|Any CPU
		{FD86D0BB-3CE0-4F92-B05D-97A30DBA4F70}.Release|Any CPU.ActiveCfg = Release|Any CPU
		{FD86D0BB-3CE0-4F92-B05D-97A30DBA4F70}.Release|Any CPU.Build.0 = Release|Any CPU
		{166C29E8-F03D-4BB1-9525-48532346664D}.Debug|Any CPU.ActiveCfg = Debug|Any CPU
		{166C29E8-F03D-4BB1-9525-48532346664D}.Debug|Any CPU.Build.0 = Debug|Any CPU
		{166C29E8-F03D-4BB1-9525-48532346664D}.Release|Any CPU.ActiveCfg = Release|Any CPU
		{166C29E8-F03D-4BB1-9525-48532346664D}.Release|Any CPU.Build.0 = Release|Any CPU
		{7EB3C11F-6859-4212-96A4-04A7FDF53BFF}.Debug|Any CPU.ActiveCfg = Debug|Any CPU
		{7EB3C11F-6859-4212-96A4-04A7FDF53BFF}.Debug|Any CPU.Build.0 = Debug|Any CPU
		{7EB3C11F-6859-4212-96A4-04A7FDF53BFF}.Release|Any CPU.ActiveCfg = Release|Any CPU
		{7EB3C11F-6859-4212-96A4-04A7FDF53BFF}.Release|Any CPU.Build.0 = Release|Any CPU
	EndGlobalSection
	GlobalSection(SolutionProperties) = preSolution
		HideSolutionNode = FALSE
	EndGlobalSection
	GlobalSection(ExtensibilityGlobals) = postSolution
		SolutionGuid = {7DF2DF00-65A5-41AB-956C-2A05B568BDBD}
	EndGlobalSection
EndGlobal
